
Microsoft Visual Studio Solution File, Format Version 12.00
# Visual Studio Version 16
VisualStudioVersion = 16.0.29306.81
MinimumVisualStudioVersion = 10.0.40219.1
Project("{FAE04EC0-301F-11D3-BF4B-00C04F79EFBC}") = "OMOD-Framework", "OMOD-Framework\OMOD-Framework.csproj", "{1B2576A1-0208-485F-8E79-38551E4593B4}"
EndProject
Project("{FAE04EC0-301F-11D3-BF4B-00C04F79EFBC}") = "OMOD-Framework-Example", "OMOD-Framework-Example\OMOD-Framework-Example.csproj", "{AC9A162B-2900-47A5-8D1D-3A79593B6F98}"
EndProject
Global
	GlobalSection(SolutionConfigurationPlatforms) = preSolution
		Debug|Any CPU = Debug|Any CPU
		Release|Any CPU = Release|Any CPU
	EndGlobalSection
	GlobalSection(ProjectConfigurationPlatforms) = postSolution
		{1B2576A1-0208-485F-8E79-38551E4593B4}.Debug|Any CPU.ActiveCfg = Release|Any CPU
		{1B2576A1-0208-485F-8E79-38551E4593B4}.Debug|Any CPU.Build.0 = Release|Any CPU
		{1B2576A1-0208-485F-8E79-38551E4593B4}.Release|Any CPU.ActiveCfg = Release|Any CPU
		{1B2576A1-0208-485F-8E79-38551E4593B4}.Release|Any CPU.Build.0 = Release|Any CPU
		{AC9A162B-2900-47A5-8D1D-3A79593B6F98}.Debug|Any CPU.ActiveCfg = Debug|Any CPU
		{AC9A162B-2900-47A5-8D1D-3A79593B6F98}.Debug|Any CPU.Build.0 = Debug|Any CPU
		{AC9A162B-2900-47A5-8D1D-3A79593B6F98}.Release|Any CPU.ActiveCfg = Release|Any CPU
		{AC9A162B-2900-47A5-8D1D-3A79593B6F98}.Release|Any CPU.Build.0 = Release|Any CPU
	EndGlobalSection
	GlobalSection(SolutionProperties) = preSolution
		HideSolutionNode = FALSE
	EndGlobalSection
	GlobalSection(ExtensibilityGlobals) = postSolution
		SolutionGuid = {A25D679E-BDC9-40A2-B653-6A80A327851F}
	EndGlobalSection
EndGlobal
