
Microsoft Visual Studio Solution File, Format Version 12.00
# Visual Studio Version 16
VisualStudioVersion = 16.0.29306.81
MinimumVisualStudioVersion = 10.0.40219.1
Project("{FAE04EC0-301F-11D3-BF4B-00C04F79EFBC}") = "OMODExtractor", "OMODExtractor\OMODExtractor.csproj", "{8CC8786E-B9F7-4B1C-AB49-CC988A3843C0}"
EndProject
Global
	GlobalSection(SolutionConfigurationPlatforms) = preSolution
		Debug|Any CPU = Debug|Any CPU
		Release|Any CPU = Release|Any CPU
	EndGlobalSection
	GlobalSection(ProjectConfigurationPlatforms) = postSolution
		{8CC8786E-B9F7-4B1C-AB49-CC988A3843C0}.Debug|Any CPU.ActiveCfg = Debug|Any CPU
		{8CC8786E-B9F7-4B1C-AB49-CC988A3843C0}.Debug|Any CPU.Build.0 = Debug|Any CPU
		{8CC8786E-B9F7-4B1C-AB49-CC988A3843C0}.Release|Any CPU.ActiveCfg = Release|Any CPU
		{8CC8786E-B9F7-4B1C-AB49-CC988A3843C0}.Release|Any CPU.Build.0 = Release|Any CPU
	EndGlobalSection
	GlobalSection(SolutionProperties) = preSolution
		HideSolutionNode = FALSE
	EndGlobalSection
	GlobalSection(ExtensibilityGlobals) = postSolution
		SolutionGuid = {A25D679E-BDC9-40A2-B653-6A80A327851F}
	EndGlobalSection
EndGlobal
